
Microsoft Visual Studio Solution File, Format Version 12.00
# Visual Studio Version 16
VisualStudioVersion = 16.0.32106.194
MinimumVisualStudioVersion = 10.0.40219.1
Project("{9A19103F-16F7-4668-BE54-9A1E7A4F7556}") = "LIPuzzleConverter", "LIPuzzleConverter\LIPuzzleConverter.csproj", "{BBC017B6-511C-4205-B402-F2E152E83C6F}"
EndProject
Project("{FAE04EC0-301F-11D3-BF4B-00C04F79EFBC}") = "LIPGNConverter", "LIPGNConverter\LIPGNConverter.csproj", "{10EABCCD-5EA2-4461-BCAF-6071D2673B3B}"
EndProject
Global
	GlobalSection(SolutionConfigurationPlatforms) = preSolution
		Debug|Any CPU = Debug|Any CPU
		Release|Any CPU = Release|Any CPU
	EndGlobalSection
	GlobalSection(ProjectConfigurationPlatforms) = postSolution
		{9AD5FF56-CA43-4BA9-8D0D-9D675D36161D}.Debug|Any CPU.ActiveCfg = Debug|Any CPU
		{9AD5FF56-CA43-4BA9-8D0D-9D675D36161D}.Debug|Any CPU.Build.0 = Debug|Any CPU
		{9AD5FF56-CA43-4BA9-8D0D-9D675D36161D}.Release|Any CPU.ActiveCfg = Release|Any CPU
		{9AD5FF56-CA43-4BA9-8D0D-9D675D36161D}.Release|Any CPU.Build.0 = Release|Any CPU
		{10EABCCD-5EA2-4461-BCAF-6071D2673B3B}.Debug|Any CPU.ActiveCfg = Debug|Any CPU
		{10EABCCD-5EA2-4461-BCAF-6071D2673B3B}.Debug|Any CPU.Build.0 = Debug|Any CPU
		{10EABCCD-5EA2-4461-BCAF-6071D2673B3B}.Release|Any CPU.ActiveCfg = Release|Any CPU
		{10EABCCD-5EA2-4461-BCAF-6071D2673B3B}.Release|Any CPU.Build.0 = Release|Any CPU
	EndGlobalSection
	GlobalSection(SolutionProperties) = preSolution
		HideSolutionNode = FALSE
	EndGlobalSection
	GlobalSection(ExtensibilityGlobals) = postSolution
		SolutionGuid = {27A970B4-B286-425B-801C-B7ACB9C238C9}
	EndGlobalSection
EndGlobal
